
Microsoft Visual Studio Solution File, Format Version 12.00
# Visual Studio Version 17
VisualStudioVersion = 17.13.35825.156 d17.13
MinimumVisualStudioVersion = 10.0.40219.1
Project("{FAE04EC0-301F-11D3-BF4B-00C04F79EFBC}") = "EmailDomainValidator", "EmailDomainValidator\EmailDomainValidator.csproj", "{23808CA8-70E5-45EC-BF4E-7CECC39FF2B3}"
EndProject
Project("{FAE04EC0-301F-11D3-BF4B-00C04F79EFBC}") = "EmailDomainValidator.Test", "EmailDomainValidator.Test\EmailDomainValidator.Test.csproj", "{ADAA19D3-38A0-4435-8053-566F81FF380D}"
EndProject
Global
	GlobalSection(SolutionConfigurationPlatforms) = preSolution
		Debug|Any CPU = Debug|Any CPU
		Release|Any CPU = Release|Any CPU
	EndGlobalSection
	GlobalSection(ProjectConfigurationPlatforms) = postSolution
		{23808CA8-70E5-45EC-BF4E-7CECC39FF2B3}.Debug|Any CPU.ActiveCfg = Debug|Any CPU
		{23808CA8-70E5-45EC-BF4E-7CECC39FF2B3}.Debug|Any CPU.Build.0 = Debug|Any CPU
		{23808CA8-70E5-45EC-BF4E-7CECC39FF2B3}.Release|Any CPU.ActiveCfg = Release|Any CPU
		{23808CA8-70E5-45EC-BF4E-7CECC39FF2B3}.Release|Any CPU.Build.0 = Release|Any CPU
		{ADAA19D3-38A0-4435-8053-566F81FF380D}.Debug|Any CPU.ActiveCfg = Debug|Any CPU
		{ADAA19D3-38A0-4435-8053-566F81FF380D}.Debug|Any CPU.Build.0 = Debug|Any CPU
		{ADAA19D3-38A0-4435-8053-566F81FF380D}.Release|Any CPU.ActiveCfg = Release|Any CPU
		{ADAA19D3-38A0-4435-8053-566F81FF380D}.Release|Any CPU.Build.0 = Release|Any CPU
	EndGlobalSection
	GlobalSection(SolutionProperties) = preSolution
		HideSolutionNode = FALSE
	EndGlobalSection
	GlobalSection(ExtensibilityGlobals) = postSolution
		SolutionGuid = {11134C81-42BF-42AB-80E2-598FECCA0C91}
	EndGlobalSection
EndGlobal
